{
  "nodes": {
    "comma": {
      "flake": false,
      "locked": {
        "lastModified": 1687186099,
        "narHash": "sha256-J5/LWwTqpSphwgvzZl4AJ6TlrJpdEG8PRLjlGr8D24U=",
        "owner": "Shopify",
        "repo": "comma",
        "rev": "3c039932f6032454db850296b1ea73537a06ff3f",
        "type": "github"
      },
      "original": {
        "owner": "Shopify",
        "repo": "comma",
        "type": "github"
      }
    },
    "darwin": {
      "inputs": {
        "nixpkgs": [
          "nixpkgs-unstable"
        ]
      },
      "locked": {
        "lastModified": 1687517837,
        "narHash": "sha256-Ea+JTy6NSf+wWIFrgC8gnOnyt01xwmtDEn2KecvaBkg=",
        "owner": "lnl7",
        "repo": "nix-darwin",
        "rev": "6460468e7a3e1290f132fee4170ebeaa127f6f32",
        "type": "github"
      },
      "original": {
        "owner": "lnl7",
        "ref": "master",
        "repo": "nix-darwin",
        "type": "github"
      }
    },
    "home-manager": {
      "inputs": {
        "nixpkgs": [
          "nixpkgs-unstable"
        ]
      },
      "locked": {
        "lastModified": 1687506590,
        "narHash": "sha256-CSou9mrG9h/WVRjCptfTrATVxvhmtdQXElmWV/ZkrAs=",
        "owner": "nix-community",
        "repo": "home-manager",
        "rev": "d2b6f2d154bf6b27a93ed895392f80c503df7cfa",
        "type": "github"
      },
      "original": {
        "owner": "nix-community",
        "repo": "home-manager",
        "type": "github"
      }
    },
    "nixpkgs": {
      "locked": {
        "lastModified": 1685573264,
        "narHash": "sha256-Zffu01pONhs/pqH07cjlF10NnMDLok8ix5Uk4rhOnZQ=",
        "owner": "nixos",
        "repo": "nixpkgs",
        "rev": "380be19fbd2d9079f677978361792cb25e8a3635",
        "type": "github"
      },
      "original": {
        "owner": "nixos",
        "ref": "nixpkgs-22.05-darwin",
        "repo": "nixpkgs",
        "type": "github"
      }
    },
    "nixpkgs-unstable": {
      "locked": {
        "lastModified": 1687518131,
        "narHash": "sha256-KirltRIc4SFfk8bTNudIqgKAALH5oqpW3PefmkfWK5M=",
        "owner": "NixOS",
        "repo": "nixpkgs",
        "rev": "3d8a93602bc54ece7a4e689d9aea1a574e2bbc24",
        "type": "github"
      },
      "original": {
        "owner": "NixOS",
        "ref": "nixpkgs-unstable",
        "repo": "nixpkgs",
        "type": "github"
      }
    },
    "root": {
      "inputs": {
        "comma": "comma",
        "darwin": "darwin",
        "home-manager": "home-manager",
        "nixpkgs": "nixpkgs",
        "nixpkgs-unstable": "nixpkgs-unstable"
      }
    }
  },
  "root": "root",
  "version": 7
}
